{
  "name": "public",
  "lockfileVersion": 3,
  "requires": true,
  "packages": {
    "": {
      "dependencies": {
        "@uirouter/angularjs": "^1.1.2",
        "angular": "^1.8.2",
        "bootstrap": "^5.3.8"
      }
    },
    "node_modules/@popperjs/core": {
      "version": "2.11.8",
      "resolved": "https://registry.npmjs.org/@popperjs/core/-/core-2.11.8.tgz",
      "integrity": "sha512-P1st0aksCrn9sGZhp8GMYwBnQsbvAWsZAX44oXNNvLHGqAOcoVxmjZiohstwQ7SqKnbR47akdNi+uleWD8+g6A==",
      "license": "MIT",
      "peer": true,
      "funding": {
        "type": "opencollective",
        "url": "https://opencollective.com/popperjs"
      }
    },
    "node_modules/@uirouter/angularjs": {
      "version": "1.1.2",
      "resolved": "https://registry.npmjs.org/@uirouter/angularjs/-/angularjs-1.1.2.tgz",
      "integrity": "sha512-jwQoNxqNXoo2GbJTrudwEmRqnnjEhC0HiRD+vsmU8Kp7nLHhI7s9CYhVn7HjHbysGAb/loVwZ5D/r4bWMzc45A==",
      "license": "MIT",
      "engines": {
        "node": ">=4.0.0"
      },
      "peerDependencies": {
        "@uirouter/core": "^6.1.2",
        "angular": ">=1.2.0"
      }
    },
    "node_modules/@uirouter/core": {
      "version": "6.1.2",
      "resolved": "https://registry.npmjs.org/@uirouter/core/-/core-6.1.2.tgz",
      "integrity": "sha512-pYcg+cxVd9E9poC7AJf7ZrlQQrwAV6KVkiPvlbLJX5km+pBWrUOGQhdd87oIGc7/5iVQ7qSiAdl9QD+l55yegg==",
      "license": "MIT",
      "peer": true,
      "engines": {
        "node": ">=4.0.0"
      }
    },
    "node_modules/angular": {
      "version": "1.8.2",
      "resolved": "https://registry.npmjs.org/angular/-/angular-1.8.2.tgz",
      "integrity": "sha512-IauMOej2xEe7/7Ennahkbb5qd/HFADiNuLSESz9Q27inmi32zB0lnAsFeLEWcox3Gd1F6YhNd1CP7/9IukJ0Gw==",
      "deprecated": "For the actively supported Angular, see https://www.npmjs.com/package/@angular/core. AngularJS support has officially ended. For extended AngularJS support options, see https://goo.gle/angularjs-path-forward.",
      "license": "MIT"
    },
    "node_modules/bootstrap": {
      "version": "5.3.8",
      "resolved": "https://registry.npmjs.org/bootstrap/-/bootstrap-5.3.8.tgz",
      "integrity": "sha512-HP1SZDqaLDPwsNiqRqi5NcP0SSXciX2s9E+RyqJIIqGo+vJeN5AJVM98CXmW/Wux0nQ5L7jeWUdplCEf0Ee+tg==",
      "funding": [
        {
          "type": "github",
          "url": "https://github.com/sponsors/twbs"
        },
        {
          "type": "opencollective",
          "url": "https://opencollective.com/bootstrap"
        }
      ],
      "license": "MIT",
      "peerDependencies": {
        "@popperjs/core": "^2.11.8"
      }
    }
  }
}
